github.com/google/go-cmp v0.6.0/go.mod h1:17dUlkBOakJ0+DkrSSNjCkIjxS6bF9zb3elmeNGIjoY=
github.com/google/go-cmp v0.7.0 h1:wk8382ETsv4JYUZwIsn6YpYiWiBsYLSJiTsyBybVuN8=
github.com/google/go-cmp v0.7.0/go.mod h1:pXiqmnSA92OHEEa9HXL2W4E7lf9JzCmGVUdgjX3N/iU=
golang.org/x/crypto v0.36.0 h1:AnAEvhDddvBdpY+uR+MyHmuZzzNqXSe/GvuDeob5L34=
golang.org/x/crypto v0.36.0/go.mod h1:Y4J0ReaxCR1IMaabaSMugxJES1EpwhBHhv2bDHklZvc=
golang.org/x/sync v0.12.0 h1:MHc5BpPuC30uJk597Ri8TV3CNZcTLu6B6z4lJy+g6Jw=
golang.org/x/sync v0.12.0/go.mod h1:1dzgHSNfp02xaA81J2MS99Qcpr2w7fw1gpm99rleRqA=
golang.org/x/sys v0.31.0 h1:ioabZlmFYtWhL+TRYpcnNlLwhyxaM9kWTDEmfnprqik=
golang.org/x/sys v0.31.0/go.mod h1:BJP2sWEmIv4KK5OTEluFJCKSidICx8ciO85XgH3Ak8k=
golang.org/x/term v0.30.0 h1:PQ39fJZ+mfadBm0y5WlL4vlM7Sx1Hgf13sMIY2+QS9Y=
golang.org/x/term v0.30.0/go.mod h1:NYYFdzHoI5wRh/h5tDMdMqCqPJZEuNqVR5xJLd/n67g=
gotest.tools/v3 v3.5.1 h1:EENdUnS3pdur5nybKYIh2Vfgc8IUNBjxDPSjtiJcOzU=
gotest.tools/v3 v3.5.1/go.mod h1:isy3WKz7GK6uNw/sbHzfKBLvlvXwUyV06n6brMxxopU=
labs.lesiw.io/ops v0.0.0-20250325013423-2c9c5f966b5a h1:3euBWe+S7zum3xMIBzLxdjNtBAk6QHRtbToTtKr4pgo=
labs.lesiw.io/ops v0.0.0-20250325013423-2c9c5f966b5a/go.mod h1:C9Jk4AQOr5M0NGk2oTkNJwGdX7mISjG+tebn0n3SyII=
lesiw.io/clerk v0.2.0 h1:Rcq19dHx9TRk4Rkpm9Sw/KGySUxrNmPhrcmU2EQhBYo=
lesiw.io/clerk v0.2.0/go.mod h1:WMyvgTe+3Eob36b6KX86MOaxaeNMvv/HZTSsf2Dedhg=
lesiw.io/cmdio v0.9.0 h1:m4soyeXn9Xuelt6UHr4+piFLheb/L4lveJJ8p6PguGE=
lesiw.io/cmdio v0.9.0/go.mod h1:RRxYqFsLgx3JpElt244AGmRdeFGnc/6fbh3fFgcNvnk=
lesiw.io/cmdio/x/busybox v0.1.0 h1:e1G1JJttIcwpGuUki7oLQTx7Ve6BWExe2Cs4aw0kExM=
lesiw.io/cmdio/x/busybox v0.1.0/go.mod h1:PkwZVzE2tTrNI4BNOgiz595SwwF8BAbvI9LSz1P5GJY=
lesiw.io/defers v0.9.0 h1:Sg7RYbhxfHhXMHclO65MJ4oRbyhfSBSeHQw4YjLr6n0=
lesiw.io/defers v0.9.0/go.mod h1:AP09yGFHxL5vmTVJxkPL33N1hWI4OzHwTEOzilbDZU4=
lesiw.io/flag v0.7.0 h1:+8rTdoplDMBhOSKok5eKP6ZuLLPTodkDABRY7jfX5JU=
lesiw.io/flag v0.7.0/go.mod h1:bJx6Hir8MAXkNiO6BbrvhwZuaJF4rQWthQ7pc1DlWZY=
lesiw.io/ops v0.14.0 h1:WTdNxlqL2HjDgpDd5VqoaQwKOqvu1CeR1Wi1wk6wJ0E=
lesiw.io/ops v0.14.0/go.mod h1:onq4+252Tz6+DzGMtUiibOm7+KJW+ty8v5OBJ91Yb7M=
lesiw.io/prefix v0.1.0 h1:2Ors12avAiADgMbsQHh27wQmoSI+4aZSW2uTBdDmIZg=
lesiw.io/prefix v0.1.0/go.mod h1:yrUaJpvikavNodwcL64crLnSf3t1NWeNi/vNu5hUi2Y=
