github.com/google/go-cmp v0.6.0/go.mod h1:17dUlkBOakJ0+DkrSSNjCkIjxS6bF9zb3elmeNGIjoY=
github.com/google/go-cmp v0.7.0 h1:wk8382ETsv4JYUZwIsn6YpYiWiBsYLSJiTsyBybVuN8=
github.com/google/go-cmp v0.7.0/go.mod h1:pXiqmnSA92OHEEa9HXL2W4E7lf9JzCmGVUdgjX3N/iU=
golang.org/x/crypto v0.38.0 h1:jt+WWG8IZlBnVbomuhg2Mdq0+BBQaHbtqHEFEigjUV8=
golang.org/x/crypto v0.38.0/go.mod h1:MvrbAqul58NNYPKnOra203SB9vpuZW0e+RRZV+Ggqjw=
golang.org/x/sync v0.14.0 h1:woo0S4Yywslg6hp4eUFjTVOyKt0RookbpAHG4c1HmhQ=
golang.org/x/sync v0.14.0/go.mod h1:1dzgHSNfp02xaA81J2MS99Qcpr2w7fw1gpm99rleRqA=
golang.org/x/sys v0.33.0 h1:q3i8TbbEz+JRD9ywIRlyRAQbM0qF7hu24q3teo2hbuw=
golang.org/x/sys v0.33.0/go.mod h1:BJP2sWEmIv4KK5OTEluFJCKSidICx8ciO85XgH3Ak8k=
golang.org/x/term v0.32.0 h1:DR4lr0TjUs3epypdhTOkMmuF5CDFJ/8pOnbzMZPQ7bg=
golang.org/x/term v0.32.0/go.mod h1:uZG1FhGx848Sqfsq4/DlJr3xGGsYMu/L5GW4abiaEPQ=
gotest.tools/v3 v3.5.1 h1:EENdUnS3pdur5nybKYIh2Vfgc8IUNBjxDPSjtiJcOzU=
gotest.tools/v3 v3.5.1/go.mod h1:isy3WKz7GK6uNw/sbHzfKBLvlvXwUyV06n6brMxxopU=
labs.lesiw.io/ops v0.0.0-20250529163852-5d4aa59d2214 h1:imTwSkNhtMM9+1BZU4KN8F6YebyPvjas4bHP7Ty9S/I=
labs.lesiw.io/ops v0.0.0-20250529163852-5d4aa59d2214/go.mod h1:C9Jk4AQOr5M0NGk2oTkNJwGdX7mISjG+tebn0n3SyII=
lesiw.io/clerk v0.2.0 h1:Rcq19dHx9TRk4Rkpm9Sw/KGySUxrNmPhrcmU2EQhBYo=
lesiw.io/clerk v0.2.0/go.mod h1:WMyvgTe+3Eob36b6KX86MOaxaeNMvv/HZTSsf2Dedhg=
lesiw.io/cmdio v0.10.0 h1:YSc8+vdbpBTm9Pz2Tj2QneAEFoxvvAtJkc9S0UgCmEc=
lesiw.io/cmdio v0.10.0/go.mod h1:RRxYqFsLgx3JpElt244AGmRdeFGnc/6fbh3fFgcNvnk=
lesiw.io/cmdio/x/busybox v0.1.0 h1:e1G1JJttIcwpGuUki7oLQTx7Ve6BWExe2Cs4aw0kExM=
lesiw.io/cmdio/x/busybox v0.1.0/go.mod h1:PkwZVzE2tTrNI4BNOgiz595SwwF8BAbvI9LSz1P5GJY=
lesiw.io/defers v0.9.0 h1:Sg7RYbhxfHhXMHclO65MJ4oRbyhfSBSeHQw4YjLr6n0=
lesiw.io/defers v0.9.0/go.mod h1:AP09yGFHxL5vmTVJxkPL33N1hWI4OzHwTEOzilbDZU4=
lesiw.io/flag v0.7.0 h1:+8rTdoplDMBhOSKok5eKP6ZuLLPTodkDABRY7jfX5JU=
lesiw.io/flag v0.7.0/go.mod h1:bJx6Hir8MAXkNiO6BbrvhwZuaJF4rQWthQ7pc1DlWZY=
lesiw.io/ops v0.14.0 h1:WTdNxlqL2HjDgpDd5VqoaQwKOqvu1CeR1Wi1wk6wJ0E=
lesiw.io/ops v0.14.0/go.mod h1:onq4+252Tz6+DzGMtUiibOm7+KJW+ty8v5OBJ91Yb7M=
lesiw.io/prefix v0.1.0 h1:2Ors12avAiADgMbsQHh27wQmoSI+4aZSW2uTBdDmIZg=
lesiw.io/prefix v0.1.0/go.mod h1:yrUaJpvikavNodwcL64crLnSf3t1NWeNi/vNu5hUi2Y=
